# This file is automatically @generated by Cargo.
# It is not intended for manual editing.
version = 3

[[package]]
name = "aoc_12"
version = "0.1.0"
dependencies = [
 "aoclib",
]

[[package]]
name = "aoclib"
version = "0.1.0"
source = "git+https://github.com/darkfireZZ/aocutils?rev=037597b176adefe95a594e8ee98144f05f8e8a27#037597b176adefe95a594e8ee98144f05f8e8a27"
