# This file is automatically @generated by Cargo.
# It is not intended for manual editing.
version = 3

[[package]]
name = "aoc_15"
version = "0.1.0"
dependencies = [
 "aoclib",
]

[[package]]
name = "aoclib"
version = "0.1.0"
source = "git+https://github.com/darkfireZZ/aocutils?rev=3760c4bff1206cd85b1085a6e9c1b353203b9999#3760c4bff1206cd85b1085a6e9c1b353203b9999"
