# This file is automatically @generated by Cargo.
# It is not intended for manual editing.
version = 3

[[package]]
name = "aoc_14"
version = "0.1.0"
dependencies = [
 "aoclib",
]

[[package]]
name = "aoclib"
version = "0.1.0"
source = "git+https://github.com/darkfireZZ/aocutils?rev=13c820ccf29906d153590e1a099bec22cabdb196#13c820ccf29906d153590e1a099bec22cabdb196"
